
Microsoft Visual Studio Solution File, Format Version 12.00
# Visual Studio Version 17
VisualStudioVersion = 17.7.34031.279
MinimumVisualStudioVersion = 10.0.40219.1
Project("{FAE04EC0-301F-11D3-BF4B-00C04F79EFBC}") = "Wordle", "Wordle\Wordle.csproj", "{88524EA1-FBE3-4C05-9D05-2351F1584AE3}"
EndProject
Global
	GlobalSection(SolutionConfigurationPlatforms) = preSolution
		Debug|Any CPU = Debug|Any CPU
		Release|Any CPU = Release|Any CPU
	EndGlobalSection
	GlobalSection(ProjectConfigurationPlatforms) = postSolution
		{88524EA1-FBE3-4C05-9D05-2351F1584AE3}.Debug|Any CPU.ActiveCfg = Debug|Any CPU
		{88524EA1-FBE3-4C05-9D05-2351F1584AE3}.Debug|Any CPU.Build.0 = Debug|Any CPU
		{88524EA1-FBE3-4C05-9D05-2351F1584AE3}.Debug|Any CPU.Deploy.0 = Debug|Any CPU
		{88524EA1-FBE3-4C05-9D05-2351F1584AE3}.Release|Any CPU.ActiveCfg = Release|Any CPU
		{88524EA1-FBE3-4C05-9D05-2351F1584AE3}.Release|Any CPU.Build.0 = Release|Any CPU
		{88524EA1-FBE3-4C05-9D05-2351F1584AE3}.Release|Any CPU.Deploy.0 = Release|Any CPU
	EndGlobalSection
	GlobalSection(SolutionProperties) = preSolution
		HideSolutionNode = FALSE
	EndGlobalSection
	GlobalSection(ExtensibilityGlobals) = postSolution
		SolutionGuid = {2E408AFC-988D-4BDE-81E6-1E30C7739359}
	EndGlobalSection
EndGlobal
